
Microsoft Visual Studio Solution File, Format Version 12.00
# Visual Studio Version 16
VisualStudioVersion = 16.0.32126.315
MinimumVisualStudioVersion = 10.0.40219.1
Project("{151D2E53-A2C4-4D7D-83FE-D05416EBD58E}") = "LogicApps", "LogicApps\LogicApps.deployproj", "{C8C753DA-66DD-4211-87F3-BD33C0825CB1}"
EndProject
Global
	GlobalSection(SolutionConfigurationPlatforms) = preSolution
		Debug|Any CPU = Debug|Any CPU
		Release|Any CPU = Release|Any CPU
	EndGlobalSection
	GlobalSection(ProjectConfigurationPlatforms) = postSolution
		{C8C753DA-66DD-4211-87F3-BD33C0825CB1}.Debug|Any CPU.ActiveCfg = Debug|Any CPU
		{C8C753DA-66DD-4211-87F3-BD33C0825CB1}.Debug|Any CPU.Build.0 = Debug|Any CPU
		{C8C753DA-66DD-4211-87F3-BD33C0825CB1}.Release|Any CPU.ActiveCfg = Release|Any CPU
		{C8C753DA-66DD-4211-87F3-BD33C0825CB1}.Release|Any CPU.Build.0 = Release|Any CPU
	EndGlobalSection
	GlobalSection(SolutionProperties) = preSolution
		HideSolutionNode = FALSE
	EndGlobalSection
	GlobalSection(ExtensibilityGlobals) = postSolution
		SolutionGuid = {C10A5F3F-0994-4866-86CB-197A333CD591}
	EndGlobalSection
EndGlobal
